
Microsoft Visual Studio Solution File, Format Version 12.00
# Visual Studio Version 17
VisualStudioVersion = 17.10.35004.147
MinimumVisualStudioVersion = 10.0.40219.1
Project("{FAE04EC0-301F-11D3-BF4B-00C04F79EFBC}") = "6", "6\6.csproj", "{142E1E72-0197-4D1F-9FC0-037705700762}"
EndProject
Global
	GlobalSection(SolutionConfigurationPlatforms) = preSolution
		Debug|Any CPU = Debug|Any CPU
		Release|Any CPU = Release|Any CPU
	EndGlobalSection
	GlobalSection(ProjectConfigurationPlatforms) = postSolution
		{142E1E72-0197-4D1F-9FC0-037705700762}.Debug|Any CPU.ActiveCfg = Debug|Any CPU
		{142E1E72-0197-4D1F-9FC0-037705700762}.Debug|Any CPU.Build.0 = Debug|Any CPU
		{142E1E72-0197-4D1F-9FC0-037705700762}.Release|Any CPU.ActiveCfg = Release|Any CPU
		{142E1E72-0197-4D1F-9FC0-037705700762}.Release|Any CPU.Build.0 = Release|Any CPU
	EndGlobalSection
	GlobalSection(SolutionProperties) = preSolution
		HideSolutionNode = FALSE
	EndGlobalSection
	GlobalSection(ExtensibilityGlobals) = postSolution
		SolutionGuid = {2C52C5C9-B5D7-4816-B5B2-FF7EE6D2A627}
	EndGlobalSection
EndGlobal
